
Microsoft Visual Studio Solution File, Format Version 12.00
# Visual Studio Version 17
VisualStudioVersion = 17.0.31912.275
MinimumVisualStudioVersion = 10.0.40219.1
Project("{FAE04EC0-301F-11D3-BF4B-00C04F79EFBC}") = "News reader mk 2", "News reader mk 2\News reader mk 2.csproj", "{D69D7C3A-EBFB-4950-B25F-F7F7142DEEE2}"
EndProject
Project("{FAE04EC0-301F-11D3-BF4B-00C04F79EFBC}") = "NewsFlash", "NewsFlash\NewsFlash.csproj", "{1CB696B7-C3BD-44A1-AF23-12DFC86E609A}"
EndProject
Global
	GlobalSection(SolutionConfigurationPlatforms) = preSolution
		Debug|Any CPU = Debug|Any CPU
		Release|Any CPU = Release|Any CPU
	EndGlobalSection
	GlobalSection(ProjectConfigurationPlatforms) = postSolution
		{D69D7C3A-EBFB-4950-B25F-F7F7142DEEE2}.Debug|Any CPU.ActiveCfg = Debug|Any CPU
		{D69D7C3A-EBFB-4950-B25F-F7F7142DEEE2}.Debug|Any CPU.Build.0 = Debug|Any CPU
		{D69D7C3A-EBFB-4950-B25F-F7F7142DEEE2}.Release|Any CPU.ActiveCfg = Release|Any CPU
		{D69D7C3A-EBFB-4950-B25F-F7F7142DEEE2}.Release|Any CPU.Build.0 = Release|Any CPU
		{1CB696B7-C3BD-44A1-AF23-12DFC86E609A}.Debug|Any CPU.ActiveCfg = Debug|Any CPU
		{1CB696B7-C3BD-44A1-AF23-12DFC86E609A}.Debug|Any CPU.Build.0 = Debug|Any CPU
		{1CB696B7-C3BD-44A1-AF23-12DFC86E609A}.Release|Any CPU.ActiveCfg = Release|Any CPU
		{1CB696B7-C3BD-44A1-AF23-12DFC86E609A}.Release|Any CPU.Build.0 = Release|Any CPU
	EndGlobalSection
	GlobalSection(SolutionProperties) = preSolution
		HideSolutionNode = FALSE
	EndGlobalSection
	GlobalSection(ExtensibilityGlobals) = postSolution
		SolutionGuid = {403ACD28-1BA0-4FA1-916B-D99D2333A42C}
	EndGlobalSection
EndGlobal
